
Microsoft Visual Studio Solution File, Format Version 12.00
# Visual Studio Version 17
VisualStudioVersion = 17.5.33502.453
MinimumVisualStudioVersion = 10.0.40219.1
Project("{FAE04EC0-301F-11D3-BF4B-00C04F79EFBC}") = "ProductAPI", "ProductAPI\ProductAPI.csproj", "{9257FBDE-219B-4543-84EC-E1FEC1758396}"
EndProject
Global
	GlobalSection(SolutionConfigurationPlatforms) = preSolution
		Debug|Any CPU = Debug|Any CPU
		Release|Any CPU = Release|Any CPU
	EndGlobalSection
	GlobalSection(ProjectConfigurationPlatforms) = postSolution
		{9257FBDE-219B-4543-84EC-E1FEC1758396}.Debug|Any CPU.ActiveCfg = Debug|Any CPU
		{9257FBDE-219B-4543-84EC-E1FEC1758396}.Debug|Any CPU.Build.0 = Debug|Any CPU
		{9257FBDE-219B-4543-84EC-E1FEC1758396}.Release|Any CPU.ActiveCfg = Release|Any CPU
		{9257FBDE-219B-4543-84EC-E1FEC1758396}.Release|Any CPU.Build.0 = Release|Any CPU
	EndGlobalSection
	GlobalSection(SolutionProperties) = preSolution
		HideSolutionNode = FALSE
	EndGlobalSection
	GlobalSection(ExtensibilityGlobals) = postSolution
		SolutionGuid = {B5EEEE43-54E6-4E62-9477-D18B7BD72EFB}
	EndGlobalSection
EndGlobal
